// !$*UTF8*$!
{
	archiveVersion = 1;
	classes = {
	};
	objectVersion = 56;
	objects = {

/* Begin PBXBuildFile section */
		E4B80E532B4E896A00DA1303 /* AspectVGrid.swift in Sources */ = {isa = PBXBuildFile; fileRef = E4B80E442B4E896A00DA1303 /* AspectVGrid.swift */; };
		E4B80E542B4E896A00DA1303 /* Cardify.swift in Sources */ = {isa = PBXBuildFile; fileRef = E4B80E462B4E896A00DA1303 /* Cardify.swift */; };
		E4B80E552B4E896A00DA1303 /* CardView.swift in Sources */ = {isa = PBXBuildFile; fileRef = E4B80E472B4E896A00DA1303 /* CardView.swift */; };
		E4B80E562B4E896A00DA1303 /* Card.swift in Sources */ = {isa = PBXBuildFile; fileRef = E4B80E482B4E896A00DA1303 /* Card.swift */; };
		E4B80E572B4E896A00DA1303 /* Shape+striped.swift in Sources */ = {isa = PBXBuildFile; fileRef = E4B80E492B4E896A00DA1303 /* Shape+striped.swift */; };
		E4B80E582B4E896A00DA1303 /* Diamond.swift in Sources */ = {isa = PBXBuildFile; fileRef = E4B80E4A2B4E896A00DA1303 /* Diamond.swift */; };
		E4B80E592B4E896A00DA1303 /* Squiggle.swift in Sources */ = {isa = PBXBuildFile; fileRef = E4B80E4B2B4E896A00DA1303 /* Squiggle.swift */; };
		E4B80E5A2B4E896A00DA1303 /* Set.swift in Sources */ = {isa = PBXBuildFile; fileRef = E4B80E4C2B4E896A00DA1303 /* Set.swift */; };
		E4B80E5B2B4E896A00DA1303 /* SetGameViewModel.swift in Sources */ = {isa = PBXBuildFile; fileRef = E4B80E4D2B4E896A00DA1303 /* SetGameViewModel.swift */; };
		E4B80E5C2B4E896A00DA1303 /* Assets.xcassets in Resources */ = {isa = PBXBuildFile; fileRef = E4B80E4E2B4E896A00DA1303 /* Assets.xcassets */; };
		E4B80E5D2B4E896A00DA1303 /* SetGameView.swift in Sources */ = {isa = PBXBuildFile; fileRef = E4B80E4F2B4E896A00DA1303 /* SetGameView.swift */; };
		E4B80E5E2B4E896A00DA1303 /* Preview Assets.xcassets in Resources */ = {isa = PBXBuildFile; fileRef = E4B80E512B4E896A00DA1303 /* Preview Assets.xcassets */; };
		E4B80E5F2B4E896A00DA1303 /* SetGame.swift in Sources */ = {isa = PBXBuildFile; fileRef = E4B80E522B4E896A00DA1303 /* SetGame.swift */; };
/* End PBXBuildFile section */

/* Begin PBXFileReference section */
		E4AAB8692AFD140700470542 /* Set.app */ = {isa = PBXFileReference; explicitFileType = wrapper.application; includeInIndex = 0; path = Set.app; sourceTree = BUILT_PRODUCTS_DIR; };
		E4B80E442B4E896A00DA1303 /* AspectVGrid.swift */ = {isa = PBXFileReference; fileEncoding = 4; lastKnownFileType = sourcecode.swift; path = AspectVGrid.swift; sourceTree = "<group>"; };
		E4B80E462B4E896A00DA1303 /* Cardify.swift */ = {isa = PBXFileReference; fileEncoding = 4; lastKnownFileType = sourcecode.swift; path = Cardify.swift; sourceTree = "<group>"; };
		E4B80E472B4E896A00DA1303 /* CardView.swift */ = {isa = PBXFileReference; fileEncoding = 4; lastKnownFileType = sourcecode.swift; path = CardView.swift; sourceTree = "<group>"; };
		E4B80E482B4E896A00DA1303 /* Card.swift */ = {isa = PBXFileReference; fileEncoding = 4; lastKnownFileType = sourcecode.swift; path = Card.swift; sourceTree = "<group>"; };
		E4B80E492B4E896A00DA1303 /* Shape+striped.swift */ = {isa = PBXFileReference; fileEncoding = 4; lastKnownFileType = sourcecode.swift; path = "Shape+striped.swift"; sourceTree = "<group>"; };
		E4B80E4A2B4E896A00DA1303 /* Diamond.swift */ = {isa = PBXFileReference; fileEncoding = 4; lastKnownFileType = sourcecode.swift; path = Diamond.swift; sourceTree = "<group>"; };
		E4B80E4B2B4E896A00DA1303 /* Squiggle.swift */ = {isa = PBXFileReference; fileEncoding = 4; lastKnownFileType = sourcecode.swift; path = Squiggle.swift; sourceTree = "<group>"; };
		E4B80E4C2B4E896A00DA1303 /* Set.swift */ = {isa = PBXFileReference; fileEncoding = 4; lastKnownFileType = sourcecode.swift; path = Set.swift; sourceTree = "<group>"; };
		E4B80E4D2B4E896A00DA1303 /* SetGameViewModel.swift */ = {isa = PBXFileReference; fileEncoding = 4; lastKnownFileType = sourcecode.swift; path = SetGameViewModel.swift; sourceTree = "<group>"; };
		E4B80E4E2B4E896A00DA1303 /* Assets.xcassets */ = {isa = PBXFileReference; lastKnownFileType = folder.assetcatalog; path = Assets.xcassets; sourceTree = "<group>"; };
		E4B80E4F2B4E896A00DA1303 /* SetGameView.swift */ = {isa = PBXFileReference; fileEncoding = 4; lastKnownFileType = sourcecode.swift; path = SetGameView.swift; sourceTree = "<group>"; };
		E4B80E512B4E896A00DA1303 /* Preview Assets.xcassets */ = {isa = PBXFileReference; lastKnownFileType = folder.assetcatalog; path = "Preview Assets.xcassets"; sourceTree = "<group>"; };
		E4B80E522B4E896A00DA1303 /* SetGame.swift */ = {isa = PBXFileReference; fileEncoding = 4; lastKnownFileType = sourcecode.swift; path = SetGame.swift; sourceTree = "<group>"; };
/* End PBXFileReference section */

/* Begin PBXFrameworksBuildPhase section */
		E4AAB8662AFD140700470542 /* Frameworks */ = {
			isa = PBXFrameworksBuildPhase;
			buildActionMask = 2147483647;
			files = (
			);
			runOnlyForDeploymentPostprocessing = 0;
		};
/* End PBXFrameworksBuildPhase section */

/* Begin PBXGroup section */
		E4AAB8602AFD140700470542 = {
			isa = PBXGroup;
			children = (
				E4B80E432B4E896A00DA1303 /* Set */,
				E4AAB86A2AFD140700470542 /* Products */,
			);
			sourceTree = "<group>";
		};
		E4AAB86A2AFD140700470542 /* Products */ = {
			isa = PBXGroup;
			children = (
				E4AAB8692AFD140700470542 /* Set.app */,
			);
			name = Products;
			sourceTree = "<group>";
		};
		E4B80E432B4E896A00DA1303 /* Set */ = {
			isa = PBXGroup;
			children = (
				E4B80E442B4E896A00DA1303 /* AspectVGrid.swift */,
				E4B80E452B4E896A00DA1303 /* Card */,
				E4B80E4C2B4E896A00DA1303 /* Set.swift */,
				E4B80E4D2B4E896A00DA1303 /* SetGameViewModel.swift */,
				E4B80E4E2B4E896A00DA1303 /* Assets.xcassets */,
				E4B80E4F2B4E896A00DA1303 /* SetGameView.swift */,
				E4B80E502B4E896A00DA1303 /* Preview Content */,
				E4B80E522B4E896A00DA1303 /* SetGame.swift */,
			);
			path = Set;
			sourceTree = "<group>";
		};
		E4B80E452B4E896A00DA1303 /* Card */ = {
			isa = PBXGroup;
			children = (
				E4B80E462B4E896A00DA1303 /* Cardify.swift */,
				E4B80E472B4E896A00DA1303 /* CardView.swift */,
				E4B80E482B4E896A00DA1303 /* Card.swift */,
				E4B80E492B4E896A00DA1303 /* Shape+striped.swift */,
				E4B80E4A2B4E896A00DA1303 /* Diamond.swift */,
				E4B80E4B2B4E896A00DA1303 /* Squiggle.swift */,
			);
			path = Card;
			sourceTree = "<group>";
		};
		E4B80E502B4E896A00DA1303 /* Preview Content */ = {
			isa = PBXGroup;
			children = (
				E4B80E512B4E896A00DA1303 /* Preview Assets.xcassets */,
			);
			path = "Preview Content";
			sourceTree = "<group>";
		};
/* End PBXGroup section */

/* Begin PBXNativeTarget section */
		E4AAB8682AFD140700470542 /* Set */ = {
			isa = PBXNativeTarget;
			buildConfigurationList = E4AAB8772AFD140800470542 /* Build configuration list for PBXNativeTarget "Set" */;
			buildPhases = (
				E4AAB8652AFD140700470542 /* Sources */,
				E4AAB8662AFD140700470542 /* Frameworks */,
				E4AAB8672AFD140700470542 /* Resources */,
			);
			buildRules = (
			);
			dependencies = (
			);
			name = Set;
			productName = "Stanford-CS193p-Programming-Assignment-3";
			productReference = E4AAB8692AFD140700470542 /* Set.app */;
			productType = "com.apple.product-type.application";
		};
/* End PBXNativeTarget section */

/* Begin PBXProject section */
		E4AAB8612AFD140700470542 /* Project object */ = {
			isa = PBXProject;
			attributes = {
				BuildIndependentTargetsInParallel = 1;
				LastSwiftUpdateCheck = 1500;
				LastUpgradeCheck = 1500;
				TargetAttributes = {
					E4AAB8682AFD140700470542 = {
						CreatedOnToolsVersion = 15.0.1;
					};
				};
			};
			buildConfigurationList = E4AAB8642AFD140700470542 /* Build configuration list for PBXProject "Set" */;
			compatibilityVersion = "Xcode 14.0";
			developmentRegion = en;
			hasScannedForEncodings = 0;
			knownRegions = (
				en,
				Base,
			);
			mainGroup = E4AAB8602AFD140700470542;
			productRefGroup = E4AAB86A2AFD140700470542 /* Products */;
			projectDirPath = "";
			projectRoot = "";
			targets = (
				E4AAB8682AFD140700470542 /* Set */,
			);
		};
/* End PBXProject section */

/* Begin PBXResourcesBuildPhase section */
		E4AAB8672AFD140700470542 /* Resources */ = {
			isa = PBXResourcesBuildPhase;
			buildActionMask = 2147483647;
			files = (
				E4B80E5E2B4E896A00DA1303 /* Preview Assets.xcassets in Resources */,
				E4B80E5C2B4E896A00DA1303 /* Assets.xcassets in Resources */,
			);
			runOnlyForDeploymentPostprocessing = 0;
		};
/* End PBXResourcesBuildPhase section */

/* Begin PBXSourcesBuildPhase section */
		E4AAB8652AFD140700470542 /* Sources */ = {
			isa = PBXSourcesBuildPhase;
			buildActionMask = 2147483647;
			files = (
				E4B80E5F2B4E896A00DA1303 /* SetGame.swift in Sources */,
				E4B80E552B4E896A00DA1303 /* CardView.swift in Sources */,
				E4B80E5D2B4E896A00DA1303 /* SetGameView.swift in Sources */,
				E4B80E582B4E896A00DA1303 /* Diamond.swift in Sources */,
				E4B80E572B4E896A00DA1303 /* Shape+striped.swift in Sources */,
				E4B80E5A2B4E896A00DA1303 /* Set.swift in Sources */,
				E4B80E562B4E896A00DA1303 /* Card.swift in Sources */,
				E4B80E542B4E896A00DA1303 /* Cardify.swift in Sources */,
				E4B80E592B4E896A00DA1303 /* Squiggle.swift in Sources */,
				E4B80E532B4E896A00DA1303 /* AspectVGrid.swift in Sources */,
				E4B80E5B2B4E896A00DA1303 /* SetGameViewModel.swift in Sources */,
			);
			runOnlyForDeploymentPostprocessing = 0;
		};
/* End PBXSourcesBuildPhase section */

/* Begin XCBuildConfiguration section */
		E4AAB8752AFD140800470542 /* Debug */ = {
			isa = XCBuildConfiguration;
			buildSettings = {
				ALWAYS_SEARCH_USER_PATHS = NO;
				ASSETCATALOG_COMPILER_GENERATE_SWIFT_ASSET_SYMBOL_EXTENSIONS = YES;
				CLANG_ANALYZER_NONNULL = YES;
				CLANG_ANALYZER_NUMBER_OBJECT_CONVERSION = YES_AGGRESSIVE;
				CLANG_CXX_LANGUAGE_STANDARD = "gnu++20";
				CLANG_ENABLE_MODULES = YES;
				CLANG_ENABLE_OBJC_ARC = YES;
				CLANG_ENABLE_OBJC_WEAK = YES;
				CLANG_WARN_BLOCK_CAPTURE_AUTORELEASING = YES;
				CLANG_WARN_BOOL_CONVERSION = YES;
				CLANG_WARN_COMMA = YES;
				CLANG_WARN_CONSTANT_CONVERSION = YES;
				CLANG_WARN_DEPRECATED_OBJC_IMPLEMENTATIONS = YES;
				CLANG_WARN_DIRECT_OBJC_ISA_USAGE = YES_ERROR;
				CLANG_WARN_DOCUMENTATION_COMMENTS = YES;
				CLANG_WARN_EMPTY_BODY = YES;
				CLANG_WARN_ENUM_CONVERSION = YES;
				CLANG_WARN_INFINITE_RECURSION = YES;
				CLANG_WARN_INT_CONVERSION = YES;
				CLANG_WARN_NON_LITERAL_NULL_CONVERSION = YES;
				CLANG_WARN_OBJC_IMPLICIT_RETAIN_SELF = YES;
				CLANG_WARN_OBJC_LITERAL_CONVERSION = YES;
				CLANG_WARN_OBJC_ROOT_CLASS = YES_ERROR;
				CLANG_WARN_QUOTED_INCLUDE_IN_FRAMEWORK_HEADER = YES;
				CLANG_WARN_RANGE_LOOP_ANALYSIS = YES;
				CLANG_WARN_STRICT_PROTOTYPES = YES;
				CLANG_WARN_SUSPICIOUS_MOVE = YES;
				CLANG_WARN_UNGUARDED_AVAILABILITY = YES_AGGRESSIVE;
				CLANG_WARN_UNREACHABLE_CODE = YES;
				CLANG_WARN__DUPLICATE_METHOD_MATCH = YES;
				COPY_PHASE_STRIP = NO;
				DEBUG_INFORMATION_FORMAT = dwarf;
				ENABLE_STRICT_OBJC_MSGSEND = YES;
				ENABLE_TESTABILITY = YES;
				ENABLE_USER_SCRIPT_SANDBOXING = YES;
				GCC_C_LANGUAGE_STANDARD = gnu17;
				GCC_DYNAMIC_NO_PIC = NO;
				GCC_NO_COMMON_BLOCKS = YES;
				GCC_OPTIMIZATION_LEVEL = 0;
				GCC_PREPROCESSOR_DEFINITIONS = (
					"DEBUG=1",
					"$(inherited)",
				);
				GCC_WARN_64_TO_32_BIT_CONVERSION = YES;
				GCC_WARN_ABOUT_RETURN_TYPE = YES_ERROR;
				GCC_WARN_UNDECLARED_SELECTOR = YES;
				GCC_WARN_UNINITIALIZED_AUTOS = YES_AGGRESSIVE;
				GCC_WARN_UNUSED_FUNCTION = YES;
				GCC_WARN_UNUSED_VARIABLE = YES;
				IPHONEOS_DEPLOYMENT_TARGET = 17.0;
				LOCALIZATION_PREFERS_STRING_CATALOGS = YES;
				MTL_ENABLE_DEBUG_INFO = INCLUDE_SOURCE;
				MTL_FAST_MATH = YES;
				ONLY_ACTIVE_ARCH = YES;
				SDKROOT = iphoneos;
				SWIFT_ACTIVE_COMPILATION_CONDITIONS = "DEBUG $(inherited)";
				SWIFT_OPTIMIZATION_LEVEL = "-Onone";
			};
			name = Debug;
		};
		E4AAB8762AFD140800470542 /* Release */ = {
			isa = XCBuildConfiguration;
			buildSettings = {
				ALWAYS_SEARCH_USER_PATHS = NO;
				ASSETCATALOG_COMPILER_GENERATE_SWIFT_ASSET_SYMBOL_EXTENSIONS = YES;
				CLANG_ANALYZER_NONNULL = YES;
				CLANG_ANALYZER_NUMBER_OBJECT_CONVERSION = YES_AGGRESSIVE;
				CLANG_CXX_LANGUAGE_STANDARD = "gnu++20";
				CLANG_ENABLE_MODULES = YES;
				CLANG_ENABLE_OBJC_ARC = YES;
				CLANG_ENABLE_OBJC_WEAK = YES;
				CLANG_WARN_BLOCK_CAPTURE_AUTORELEASING = YES;
				CLANG_WARN_BOOL_CONVERSION = YES;
				CLANG_WARN_COMMA = YES;
				CLANG_WARN_CONSTANT_CONVERSION = YES;
				CLANG_WARN_DEPRECATED_OBJC_IMPLEMENTATIONS = YES;
				CLANG_WARN_DIRECT_OBJC_ISA_USAGE = YES_ERROR;
				CLANG_WARN_DOCUMENTATION_COMMENTS = YES;
				CLANG_WARN_EMPTY_BODY = YES;
				CLANG_WARN_ENUM_CONVERSION = YES;
				CLANG_WARN_INFINITE_RECURSION = YES;
				CLANG_WARN_INT_CONVERSION = YES;
				CLANG_WARN_NON_LITERAL_NULL_CONVERSION = YES;
				CLANG_WARN_OBJC_IMPLICIT_RETAIN_SELF = YES;
				CLANG_WARN_OBJC_LITERAL_CONVERSION = YES;
				CLANG_WARN_OBJC_ROOT_CLASS = YES_ERROR;
				CLANG_WARN_QUOTED_INCLUDE_IN_FRAMEWORK_HEADER = YES;
				CLANG_WARN_RANGE_LOOP_ANALYSIS = YES;
				CLANG_WARN_STRICT_PROTOTYPES = YES;
				CLANG_WARN_SUSPICIOUS_MOVE = YES;
				CLANG_WARN_UNGUARDED_AVAILABILITY = YES_AGGRESSIVE;
				CLANG_WARN_UNREACHABLE_CODE = YES;
				CLANG_WARN__DUPLICATE_METHOD_MATCH = YES;
				COPY_PHASE_STRIP = NO;
				DEBUG_INFORMATION_FORMAT = "dwarf-with-dsym";
				ENABLE_NS_ASSERTIONS = NO;
				ENABLE_STRICT_OBJC_MSGSEND = YES;
				ENABLE_USER_SCRIPT_SANDBOXING = YES;
				GCC_C_LANGUAGE_STANDARD = gnu17;
				GCC_NO_COMMON_BLOCKS = YES;
				GCC_WARN_64_TO_32_BIT_CONVERSION = YES;
				GCC_WARN_ABOUT_RETURN_TYPE = YES_ERROR;
				GCC_WARN_UNDECLARED_SELECTOR = YES;
				GCC_WARN_UNINITIALIZED_AUTOS = YES_AGGRESSIVE;
				GCC_WARN_UNUSED_FUNCTION = YES;
				GCC_WARN_UNUSED_VARIABLE = YES;
				IPHONEOS_DEPLOYMENT_TARGET = 17.0;
				LOCALIZATION_PREFERS_STRING_CATALOGS = YES;
				MTL_ENABLE_DEBUG_INFO = NO;
				MTL_FAST_MATH = YES;
				SDKROOT = iphoneos;
				SWIFT_COMPILATION_MODE = wholemodule;
				VALIDATE_PRODUCT = YES;
			};
			name = Release;
		};
		E4AAB8782AFD140800470542 /* Debug */ = {
			isa = XCBuildConfiguration;
			buildSettings = {
				ASSETCATALOG_COMPILER_APPICON_NAME = AppIcon;
				ASSETCATALOG_COMPILER_GLOBAL_ACCENT_COLOR_NAME = AccentColor;
				CODE_SIGN_STYLE = Automatic;
				CURRENT_PROJECT_VERSION = 1;
				DEVELOPMENT_ASSET_PATHS = "\"Set/Preview Content\"";
				DEVELOPMENT_TEAM = WHP9Z6BC8S;
				ENABLE_PREVIEWS = YES;
				GENERATE_INFOPLIST_FILE = YES;
				INFOPLIST_KEY_UIApplicationSceneManifest_Generation = YES;
				INFOPLIST_KEY_UIApplicationSupportsIndirectInputEvents = YES;
				INFOPLIST_KEY_UILaunchScreen_Generation = YES;
				INFOPLIST_KEY_UISupportedInterfaceOrientations_iPad = "UIInterfaceOrientationPortrait UIInterfaceOrientationPortraitUpsideDown UIInterfaceOrientationLandscapeLeft UIInterfaceOrientationLandscapeRight";
				INFOPLIST_KEY_UISupportedInterfaceOrientations_iPhone = "UIInterfaceOrientationPortrait UIInterfaceOrientationLandscapeLeft UIInterfaceOrientationLandscapeRight";
				LD_RUNPATH_SEARCH_PATHS = (
					"$(inherited)",
					"@executable_path/Frameworks",
				);
				MARKETING_VERSION = 1.0;
				PRODUCT_BUNDLE_IDENTIFIER = "zeljkolucic.Stanford-CS193p-Programming-Assignment-3";
				PRODUCT_NAME = "$(TARGET_NAME)";
				SWIFT_EMIT_LOC_STRINGS = YES;
				SWIFT_VERSION = 5.0;
				TARGETED_DEVICE_FAMILY = "1,2";
			};
			name = Debug;
		};
		E4AAB8792AFD140800470542 /* Release */ = {
			isa = XCBuildConfiguration;
			buildSettings = {
				ASSETCATALOG_COMPILER_APPICON_NAME = AppIcon;
				ASSETCATALOG_COMPILER_GLOBAL_ACCENT_COLOR_NAME = AccentColor;
				CODE_SIGN_STYLE = Automatic;
				CURRENT_PROJECT_VERSION = 1;
				DEVELOPMENT_ASSET_PATHS = "\"Set/Preview Content\"";
				DEVELOPMENT_TEAM = WHP9Z6BC8S;
				ENABLE_PREVIEWS = YES;
				GENERATE_INFOPLIST_FILE = YES;
				INFOPLIST_KEY_UIApplicationSceneManifest_Generation = YES;
				INFOPLIST_KEY_UIApplicationSupportsIndirectInputEvents = YES;
				INFOPLIST_KEY_UILaunchScreen_Generation = YES;
				INFOPLIST_KEY_UISupportedInterfaceOrientations_iPad = "UIInterfaceOrientationPortrait UIInterfaceOrientationPortraitUpsideDown UIInterfaceOrientationLandscapeLeft UIInterfaceOrientationLandscapeRight";
				INFOPLIST_KEY_UISupportedInterfaceOrientations_iPhone = "UIInterfaceOrientationPortrait UIInterfaceOrientationLandscapeLeft UIInterfaceOrientationLandscapeRight";
				LD_RUNPATH_SEARCH_PATHS = (
					"$(inherited)",
					"@executable_path/Frameworks",
				);
				MARKETING_VERSION = 1.0;
				PRODUCT_BUNDLE_IDENTIFIER = "zeljkolucic.Stanford-CS193p-Programming-Assignment-3";
				PRODUCT_NAME = "$(TARGET_NAME)";
				SWIFT_EMIT_LOC_STRINGS = YES;
				SWIFT_VERSION = 5.0;
				TARGETED_DEVICE_FAMILY = "1,2";
			};
			name = Release;
		};
/* End XCBuildConfiguration section */

/* Begin XCConfigurationList section */
		E4AAB8642AFD140700470542 /* Build configuration list for PBXProject "Set" */ = {
			isa = XCConfigurationList;
			buildConfigurations = (
				E4AAB8752AFD140800470542 /* Debug */,
				E4AAB8762AFD140800470542 /* Release */,
			);
			defaultConfigurationIsVisible = 0;
			defaultConfigurationName = Release;
		};
		E4AAB8772AFD140800470542 /* Build configuration list for PBXNativeTarget "Set" */ = {
			isa = XCConfigurationList;
			buildConfigurations = (
				E4AAB8782AFD140800470542 /* Debug */,
				E4AAB8792AFD140800470542 /* Release */,
			);
			defaultConfigurationIsVisible = 0;
			defaultConfigurationName = Release;
		};
/* End XCConfigurationList section */
	};
	rootObject = E4AAB8612AFD140700470542 /* Project object */;
}
